// !$*UTF8*$!
{
	archiveVersion = 1;
	classes = {
	};
	objectVersion = 50;
	objects = {

/* Begin PBXBuildFile section */
		3B73951C245DC22200AA15FB /* AppDelegate.swift in Sources */ = {isa = PBXBuildFile; fileRef = 3B73951B245DC22200AA15FB /* AppDelegate.swift */; };
		3B73951E245DC22200AA15FB /* SceneDelegate.swift in Sources */ = {isa = PBXBuildFile; fileRef = 3B73951D245DC22200AA15FB /* SceneDelegate.swift */; };
		3B739520245DC22200AA15FB /* ViewController.swift in Sources */ = {isa = PBXBuildFile; fileRef = 3B73951F245DC22200AA15FB /* ViewController.swift */; };
		3B739523245DC22200AA15FB /* Main.storyboard in Resources */ = {isa = PBXBuildFile; fileRef = 3B739521245DC22200AA15FB /* Main.storyboard */; };
		3B739525245DC22700AA15FB /* Assets.xcassets in Resources */ = {isa = PBXBuildFile; fileRef = 3B739524245DC22700AA15FB /* Assets.xcassets */; };
		3B739528245DC22700AA15FB /* LaunchScreen.storyboard in Resources */ = {isa = PBXBuildFile; fileRef = 3B739526245DC22700AA15FB /* LaunchScreen.storyboard */; };
		3B739530245DC2B500AA15FB /* LineChart.swift in Sources */ = {isa = PBXBuildFile; fileRef = 3B73952F245DC2B500AA15FB /* LineChart.swift */; };
		3B739532245DC40500AA15FB /* CurveAlgorithm.swift in Sources */ = {isa = PBXBuildFile; fileRef = 3B739531245DC40500AA15FB /* CurveAlgorithm.swift */; };
		3B739534245DC43900AA15FB /* DotCALayer.swift in Sources */ = {isa = PBXBuildFile; fileRef = 3B739533245DC43900AA15FB /* DotCALayer.swift */; };
/* End PBXBuildFile section */

/* Begin PBXFileReference section */
		3B739518245DC22200AA15FB /* lineChart.app */ = {isa = PBXFileReference; explicitFileType = wrapper.application; includeInIndex = 0; path = lineChart.app; sourceTree = BUILT_PRODUCTS_DIR; };
		3B73951B245DC22200AA15FB /* AppDelegate.swift */ = {isa = PBXFileReference; lastKnownFileType = sourcecode.swift; path = AppDelegate.swift; sourceTree = "<group>"; };
		3B73951D245DC22200AA15FB /* SceneDelegate.swift */ = {isa = PBXFileReference; lastKnownFileType = sourcecode.swift; path = SceneDelegate.swift; sourceTree = "<group>"; };
		3B73951F245DC22200AA15FB /* ViewController.swift */ = {isa = PBXFileReference; lastKnownFileType = sourcecode.swift; path = ViewController.swift; sourceTree = "<group>"; };
		3B739522245DC22200AA15FB /* Base */ = {isa = PBXFileReference; lastKnownFileType = file.storyboard; name = Base; path = Base.lproj/Main.storyboard; sourceTree = "<group>"; };
		3B739524245DC22700AA15FB /* Assets.xcassets */ = {isa = PBXFileReference; lastKnownFileType = folder.assetcatalog; path = Assets.xcassets; sourceTree = "<group>"; };
		3B739527245DC22700AA15FB /* Base */ = {isa = PBXFileReference; lastKnownFileType = file.storyboard; name = Base; path = Base.lproj/LaunchScreen.storyboard; sourceTree = "<group>"; };
		3B739529245DC22700AA15FB /* Info.plist */ = {isa = PBXFileReference; lastKnownFileType = text.plist.xml; path = Info.plist; sourceTree = "<group>"; };
		3B73952F245DC2B500AA15FB /* LineChart.swift */ = {isa = PBXFileReference; lastKnownFileType = sourcecode.swift; path = LineChart.swift; sourceTree = "<group>"; };
		3B739531245DC40500AA15FB /* CurveAlgorithm.swift */ = {isa = PBXFileReference; lastKnownFileType = sourcecode.swift; path = CurveAlgorithm.swift; sourceTree = "<group>"; };
		3B739533245DC43900AA15FB /* DotCALayer.swift */ = {isa = PBXFileReference; lastKnownFileType = sourcecode.swift; path = DotCALayer.swift; sourceTree = "<group>"; };
/* End PBXFileReference section */

/* Begin PBXFrameworksBuildPhase section */
		3B739515245DC22200AA15FB /* Frameworks */ = {
			isa = PBXFrameworksBuildPhase;
			buildActionMask = 2147483647;
			files = (
			);
			runOnlyForDeploymentPostprocessing = 0;
		};
/* End PBXFrameworksBuildPhase section */

/* Begin PBXGroup section */
		3B73950F245DC22200AA15FB = {
			isa = PBXGroup;
			children = (
				3B73951A245DC22200AA15FB /* lineChart */,
				3B739519245DC22200AA15FB /* Products */,
			);
			sourceTree = "<group>";
		};
		3B739519245DC22200AA15FB /* Products */ = {
			isa = PBXGroup;
			children = (
				3B739518245DC22200AA15FB /* lineChart.app */,
			);
			name = Products;
			sourceTree = "<group>";
		};
		3B73951A245DC22200AA15FB /* lineChart */ = {
			isa = PBXGroup;
			children = (
				3B73951B245DC22200AA15FB /* AppDelegate.swift */,
				3B73951D245DC22200AA15FB /* SceneDelegate.swift */,
				3B73951F245DC22200AA15FB /* ViewController.swift */,
				3B73952F245DC2B500AA15FB /* LineChart.swift */,
				3B739531245DC40500AA15FB /* CurveAlgorithm.swift */,
				3B739533245DC43900AA15FB /* DotCALayer.swift */,
				3B739521245DC22200AA15FB /* Main.storyboard */,
				3B739524245DC22700AA15FB /* Assets.xcassets */,
				3B739526245DC22700AA15FB /* LaunchScreen.storyboard */,
				3B739529245DC22700AA15FB /* Info.plist */,
			);
			path = lineChart;
			sourceTree = "<group>";
		};
/* End PBXGroup section */

/* Begin PBXNativeTarget section */
		3B739517245DC22200AA15FB /* lineChart */ = {
			isa = PBXNativeTarget;
			buildConfigurationList = 3B73952C245DC22700AA15FB /* Build configuration list for PBXNativeTarget "lineChart" */;
			buildPhases = (
				3B739514245DC22200AA15FB /* Sources */,
				3B739515245DC22200AA15FB /* Frameworks */,
				3B739516245DC22200AA15FB /* Resources */,
			);
			buildRules = (
			);
			dependencies = (
			);
			name = lineChart;
			productName = lineChart;
			productReference = 3B739518245DC22200AA15FB /* lineChart.app */;
			productType = "com.apple.product-type.application";
		};
/* End PBXNativeTarget section */

/* Begin PBXProject section */
		3B739510245DC22200AA15FB /* Project object */ = {
			isa = PBXProject;
			attributes = {
				LastSwiftUpdateCheck = 1140;
				LastUpgradeCheck = 1140;
				ORGANIZATIONNAME = "Jack Sp@rroW";
				TargetAttributes = {
					3B739517245DC22200AA15FB = {
						CreatedOnToolsVersion = 11.4.1;
					};
				};
			};
			buildConfigurationList = 3B739513245DC22200AA15FB /* Build configuration list for PBXProject "lineChart" */;
			compatibilityVersion = "Xcode 9.3";
			developmentRegion = en;
			hasScannedForEncodings = 0;
			knownRegions = (
				en,
				Base,
			);
			mainGroup = 3B73950F245DC22200AA15FB;
			productRefGroup = 3B739519245DC22200AA15FB /* Products */;
			projectDirPath = "";
			projectRoot = "";
			targets = (
				3B739517245DC22200AA15FB /* lineChart */,
			);
		};
/* End PBXProject section */

/* Begin PBXResourcesBuildPhase section */
		3B739516245DC22200AA15FB /* Resources */ = {
			isa = PBXResourcesBuildPhase;
			buildActionMask = 2147483647;
			files = (
				3B739528245DC22700AA15FB /* LaunchScreen.storyboard in Resources */,
				3B739525245DC22700AA15FB /* Assets.xcassets in Resources */,
				3B739523245DC22200AA15FB /* Main.storyboard in Resources */,
			);
			runOnlyForDeploymentPostprocessing = 0;
		};
/* End PBXResourcesBuildPhase section */

/* Begin PBXSourcesBuildPhase section */
		3B739514245DC22200AA15FB /* Sources */ = {
			isa = PBXSourcesBuildPhase;
			buildActionMask = 2147483647;
			files = (
				3B739530245DC2B500AA15FB /* LineChart.swift in Sources */,
				3B739534245DC43900AA15FB /* DotCALayer.swift in Sources */,
				3B739520245DC22200AA15FB /* ViewController.swift in Sources */,
				3B73951C245DC22200AA15FB /* AppDelegate.swift in Sources */,
				3B73951E245DC22200AA15FB /* SceneDelegate.swift in Sources */,
				3B739532245DC40500AA15FB /* CurveAlgorithm.swift in Sources */,
			);
			runOnlyForDeploymentPostprocessing = 0;
		};
/* End PBXSourcesBuildPhase section */

/* Begin PBXVariantGroup section */
		3B739521245DC22200AA15FB /* Main.storyboard */ = {
			isa = PBXVariantGroup;
			children = (
				3B739522245DC22200AA15FB /* Base */,
			);
			name = Main.storyboard;
			sourceTree = "<group>";
		};
		3B739526245DC22700AA15FB /* LaunchScreen.storyboard */ = {
			isa = PBXVariantGroup;
			children = (
				3B739527245DC22700AA15FB /* Base */,
			);
			name = LaunchScreen.storyboard;
			sourceTree = "<group>";
		};
/* End PBXVariantGroup section */

/* Begin XCBuildConfiguration section */
		3B73952A245DC22700AA15FB /* Debug */ = {
			isa = XCBuildConfiguration;
			buildSettings = {
				ALWAYS_SEARCH_USER_PATHS = NO;
				CLANG_ANALYZER_NONNULL = YES;
				CLANG_ANALYZER_NUMBER_OBJECT_CONVERSION = YES_AGGRESSIVE;
				CLANG_CXX_LANGUAGE_STANDARD = "gnu++14";
				CLANG_CXX_LIBRARY = "libc++";
				CLANG_ENABLE_MODULES = YES;
				CLANG_ENABLE_OBJC_ARC = YES;
				CLANG_ENABLE_OBJC_WEAK = YES;
				CLANG_WARN_BLOCK_CAPTURE_AUTORELEASING = YES;
				CLANG_WARN_BOOL_CONVERSION = YES;
				CLANG_WARN_COMMA = YES;
				CLANG_WARN_CONSTANT_CONVERSION = YES;
				CLANG_WARN_DEPRECATED_OBJC_IMPLEMENTATIONS = YES;
				CLANG_WARN_DIRECT_OBJC_ISA_USAGE = YES_ERROR;
				CLANG_WARN_DOCUMENTATION_COMMENTS = YES;
				CLANG_WARN_EMPTY_BODY = YES;
				CLANG_WARN_ENUM_CONVERSION = YES;
				CLANG_WARN_INFINITE_RECURSION = YES;
				CLANG_WARN_INT_CONVERSION = YES;
				CLANG_WARN_NON_LITERAL_NULL_CONVERSION = YES;
				CLANG_WARN_OBJC_IMPLICIT_RETAIN_SELF = YES;
				CLANG_WARN_OBJC_LITERAL_CONVERSION = YES;
				CLANG_WARN_OBJC_ROOT_CLASS = YES_ERROR;
				CLANG_WARN_RANGE_LOOP_ANALYSIS = YES;
				CLANG_WARN_STRICT_PROTOTYPES = YES;
				CLANG_WARN_SUSPICIOUS_MOVE = YES;
				CLANG_WARN_UNGUARDED_AVAILABILITY = YES_AGGRESSIVE;
				CLANG_WARN_UNREACHABLE_CODE = YES;
				CLANG_WARN__DUPLICATE_METHOD_MATCH = YES;
				COPY_PHASE_STRIP = NO;
				DEBUG_INFORMATION_FORMAT = dwarf;
				ENABLE_STRICT_OBJC_MSGSEND = YES;
				ENABLE_TESTABILITY = YES;
				GCC_C_LANGUAGE_STANDARD = gnu11;
				GCC_DYNAMIC_NO_PIC = NO;
				GCC_NO_COMMON_BLOCKS = YES;
				GCC_OPTIMIZATION_LEVEL = 0;
				GCC_PREPROCESSOR_DEFINITIONS = (
					"DEBUG=1",
					"$(inherited)",
				);
				GCC_WARN_64_TO_32_BIT_CONVERSION = YES;
				GCC_WARN_ABOUT_RETURN_TYPE = YES_ERROR;
				GCC_WARN_UNDECLARED_SELECTOR = YES;
				GCC_WARN_UNINITIALIZED_AUTOS = YES_AGGRESSIVE;
				GCC_WARN_UNUSED_FUNCTION = YES;
				GCC_WARN_UNUSED_VARIABLE = YES;
				IPHONEOS_DEPLOYMENT_TARGET = 13.4;
				MTL_ENABLE_DEBUG_INFO = INCLUDE_SOURCE;
				MTL_FAST_MATH = YES;
				ONLY_ACTIVE_ARCH = YES;
				SDKROOT = iphoneos;
				SWIFT_ACTIVE_COMPILATION_CONDITIONS = DEBUG;
				SWIFT_OPTIMIZATION_LEVEL = "-Onone";
			};
			name = Debug;
		};
		3B73952B245DC22700AA15FB /* Release */ = {
			isa = XCBuildConfiguration;
			buildSettings = {
				ALWAYS_SEARCH_USER_PATHS = NO;
				CLANG_ANALYZER_NONNULL = YES;
				CLANG_ANALYZER_NUMBER_OBJECT_CONVERSION = YES_AGGRESSIVE;
				CLANG_CXX_LANGUAGE_STANDARD = "gnu++14";
				CLANG_CXX_LIBRARY = "libc++";
				CLANG_ENABLE_MODULES = YES;
				CLANG_ENABLE_OBJC_ARC = YES;
				CLANG_ENABLE_OBJC_WEAK = YES;
				CLANG_WARN_BLOCK_CAPTURE_AUTORELEASING = YES;
				CLANG_WARN_BOOL_CONVERSION = YES;
				CLANG_WARN_COMMA = YES;
				CLANG_WARN_CONSTANT_CONVERSION = YES;
				CLANG_WARN_DEPRECATED_OBJC_IMPLEMENTATIONS = YES;
				CLANG_WARN_DIRECT_OBJC_ISA_USAGE = YES_ERROR;
				CLANG_WARN_DOCUMENTATION_COMMENTS = YES;
				CLANG_WARN_EMPTY_BODY = YES;
				CLANG_WARN_ENUM_CONVERSION = YES;
				CLANG_WARN_INFINITE_RECURSION = YES;
				CLANG_WARN_INT_CONVERSION = YES;
				CLANG_WARN_NON_LITERAL_NULL_CONVERSION = YES;
				CLANG_WARN_OBJC_IMPLICIT_RETAIN_SELF = YES;
				CLANG_WARN_OBJC_LITERAL_CONVERSION = YES;
				CLANG_WARN_OBJC_ROOT_CLASS = YES_ERROR;
				CLANG_WARN_RANGE_LOOP_ANALYSIS = YES;
				CLANG_WARN_STRICT_PROTOTYPES = YES;
				CLANG_WARN_SUSPICIOUS_MOVE = YES;
				CLANG_WARN_UNGUARDED_AVAILABILITY = YES_AGGRESSIVE;
				CLANG_WARN_UNREACHABLE_CODE = YES;
				CLANG_WARN__DUPLICATE_METHOD_MATCH = YES;
				COPY_PHASE_STRIP = NO;
				DEBUG_INFORMATION_FORMAT = "dwarf-with-dsym";
				ENABLE_NS_ASSERTIONS = NO;
				ENABLE_STRICT_OBJC_MSGSEND = YES;
				GCC_C_LANGUAGE_STANDARD = gnu11;
				GCC_NO_COMMON_BLOCKS = YES;
				GCC_WARN_64_TO_32_BIT_CONVERSION = YES;
				GCC_WARN_ABOUT_RETURN_TYPE = YES_ERROR;
				GCC_WARN_UNDECLARED_SELECTOR = YES;
				GCC_WARN_UNINITIALIZED_AUTOS = YES_AGGRESSIVE;
				GCC_WARN_UNUSED_FUNCTION = YES;
				GCC_WARN_UNUSED_VARIABLE = YES;
				IPHONEOS_DEPLOYMENT_TARGET = 13.4;
				MTL_ENABLE_DEBUG_INFO = NO;
				MTL_FAST_MATH = YES;
				SDKROOT = iphoneos;
				SWIFT_COMPILATION_MODE = wholemodule;
				SWIFT_OPTIMIZATION_LEVEL = "-O";
				VALIDATE_PRODUCT = YES;
			};
			name = Release;
		};
		3B73952D245DC22700AA15FB /* Debug */ = {
			isa = XCBuildConfiguration;
			buildSettings = {
				ASSETCATALOG_COMPILER_APPICON_NAME = AppIcon;
				CODE_SIGN_STYLE = Automatic;
				DEVELOPMENT_TEAM = 7A2MDG26ZT;
				INFOPLIST_FILE = lineChart/Info.plist;
				LD_RUNPATH_SEARCH_PATHS = (
					"$(inherited)",
					"@executable_path/Frameworks",
				);
				PRODUCT_BUNDLE_IDENTIFIER = com.stepanet.lineChart;
				PRODUCT_NAME = "$(TARGET_NAME)";
				SWIFT_VERSION = 5.0;
				TARGETED_DEVICE_FAMILY = "1,2";
			};
			name = Debug;
		};
		3B73952E245DC22700AA15FB /* Release */ = {
			isa = XCBuildConfiguration;
			buildSettings = {
				ASSETCATALOG_COMPILER_APPICON_NAME = AppIcon;
				CODE_SIGN_STYLE = Automatic;
				DEVELOPMENT_TEAM = 7A2MDG26ZT;
				INFOPLIST_FILE = lineChart/Info.plist;
				LD_RUNPATH_SEARCH_PATHS = (
					"$(inherited)",
					"@executable_path/Frameworks",
				);
				PRODUCT_BUNDLE_IDENTIFIER = com.stepanet.lineChart;
				PRODUCT_NAME = "$(TARGET_NAME)";
				SWIFT_VERSION = 5.0;
				TARGETED_DEVICE_FAMILY = "1,2";
			};
			name = Release;
		};
/* End XCBuildConfiguration section */

/* Begin XCConfigurationList section */
		3B739513245DC22200AA15FB /* Build configuration list for PBXProject "lineChart" */ = {
			isa = XCConfigurationList;
			buildConfigurations = (
				3B73952A245DC22700AA15FB /* Debug */,
				3B73952B245DC22700AA15FB /* Release */,
			);
			defaultConfigurationIsVisible = 0;
			defaultConfigurationName = Release;
		};
		3B73952C245DC22700AA15FB /* Build configuration list for PBXNativeTarget "lineChart" */ = {
			isa = XCConfigurationList;
			buildConfigurations = (
				3B73952D245DC22700AA15FB /* Debug */,
				3B73952E245DC22700AA15FB /* Release */,
			);
			defaultConfigurationIsVisible = 0;
			defaultConfigurationName = Release;
		};
/* End XCConfigurationList section */
	};
	rootObject = 3B739510245DC22200AA15FB /* Project object */;
}
